
Microsoft Visual Studio Solution File, Format Version 12.00
# Visual Studio Version 17
VisualStudioVersion = 17.11.35327.3
MinimumVisualStudioVersion = 10.0.40219.1
Project("{8BC9CEB8-8B4A-11D0-8D11-00A0C91BC942}") = "Вычисление функций с использованием их разложения в степенной ряд", "Вычисление функций с использованием их разложения в степенной ряд\Вычисление функций с использованием их разложения в степенной ряд.vcxproj", "{B9C269A7-9C1C-4C3D-9876-D1CD5B8158F9}"
EndProject
Global
	GlobalSection(SolutionConfigurationPlatforms) = preSolution
		Debug|x64 = Debug|x64
		Debug|x86 = Debug|x86
		Release|x64 = Release|x64
		Release|x86 = Release|x86
	EndGlobalSection
	GlobalSection(ProjectConfigurationPlatforms) = postSolution
		{B9C269A7-9C1C-4C3D-9876-D1CD5B8158F9}.Debug|x64.ActiveCfg = Debug|x64
		{B9C269A7-9C1C-4C3D-9876-D1CD5B8158F9}.Debug|x64.Build.0 = Debug|x64
		{B9C269A7-9C1C-4C3D-9876-D1CD5B8158F9}.Debug|x86.ActiveCfg = Debug|Win32
		{B9C269A7-9C1C-4C3D-9876-D1CD5B8158F9}.Debug|x86.Build.0 = Debug|Win32
		{B9C269A7-9C1C-4C3D-9876-D1CD5B8158F9}.Release|x64.ActiveCfg = Release|x64
		{B9C269A7-9C1C-4C3D-9876-D1CD5B8158F9}.Release|x64.Build.0 = Release|x64
		{B9C269A7-9C1C-4C3D-9876-D1CD5B8158F9}.Release|x86.ActiveCfg = Release|Win32
		{B9C269A7-9C1C-4C3D-9876-D1CD5B8158F9}.Release|x86.Build.0 = Release|Win32
	EndGlobalSection
	GlobalSection(SolutionProperties) = preSolution
		HideSolutionNode = FALSE
	EndGlobalSection
	GlobalSection(ExtensibilityGlobals) = postSolution
		SolutionGuid = {DB10487C-175E-43A0-8CFA-882B9ADAB6BE}
	EndGlobalSection
EndGlobal
